{
  "object": {
    "pins": [
      {
        "package": "CloudKitFeatureFlags",
        "repositoryURL": "https://github.com/codeOfRobin/CloudKitFeatureFlags/",
        "state": {
          "branch": "add_verification_api",
          "revision": "9d3d0e502b95786a4af3a9323f830e0afd2ed155",
          "version": null
        }
      }
    ]
  },
  "version": 1
}
